
Microsoft Visual Studio Solution File, Format Version 12.00
# Visual Studio Version 17
VisualStudioVersion = 17.8.34330.188
MinimumVisualStudioVersion = 10.0.40219.1
Project("{FAE04EC0-301F-11D3-BF4B-00C04F79EFBC}") = "Cinema Booking System", "Cinema Booking System\Cinema Booking System.csproj", "{EC19E0D6-1873-493C-B0CB-BCDFD85FC93A}"
EndProject
Global
	GlobalSection(SolutionConfigurationPlatforms) = preSolution
		Debug|Any CPU = Debug|Any CPU
		Release|Any CPU = Release|Any CPU
	EndGlobalSection
	GlobalSection(ProjectConfigurationPlatforms) = postSolution
		{EC19E0D6-1873-493C-B0CB-BCDFD85FC93A}.Debug|Any CPU.ActiveCfg = Debug|Any CPU
		{EC19E0D6-1873-493C-B0CB-BCDFD85FC93A}.Debug|Any CPU.Build.0 = Debug|Any CPU
		{EC19E0D6-1873-493C-B0CB-BCDFD85FC93A}.Release|Any CPU.ActiveCfg = Release|Any CPU
		{EC19E0D6-1873-493C-B0CB-BCDFD85FC93A}.Release|Any CPU.Build.0 = Release|Any CPU
	EndGlobalSection
	GlobalSection(SolutionProperties) = preSolution
		HideSolutionNode = FALSE
	EndGlobalSection
	GlobalSection(ExtensibilityGlobals) = postSolution
		SolutionGuid = {2DCBD5EC-52EC-423A-A288-9723B2E3859B}
	EndGlobalSection
EndGlobal
